
Microsoft Visual Studio Solution File, Format Version 12.00
# Visual Studio Version 16
VisualStudioVersion = 16.0.29911.84
MinimumVisualStudioVersion = 10.0.40219.1
Project("{9A19103F-16F7-4668-BE54-9A1E7A4F7556}") = "ja-fleet.Commons", "ja-fleet.Commons\ja-fleet.Commons.csproj", "{A64CD3C2-F174-4FE1-8E93-D727D39647ED}"
EndProject
Global
	GlobalSection(SolutionConfigurationPlatforms) = preSolution
		Debug|Any CPU = Debug|Any CPU
		Release|Any CPU = Release|Any CPU
	EndGlobalSection
	GlobalSection(ProjectConfigurationPlatforms) = postSolution
		{A64CD3C2-F174-4FE1-8E93-D727D39647ED}.Debug|Any CPU.ActiveCfg = Debug|Any CPU
		{A64CD3C2-F174-4FE1-8E93-D727D39647ED}.Debug|Any CPU.Build.0 = Debug|Any CPU
		{A64CD3C2-F174-4FE1-8E93-D727D39647ED}.Release|Any CPU.ActiveCfg = Release|Any CPU
		{A64CD3C2-F174-4FE1-8E93-D727D39647ED}.Release|Any CPU.Build.0 = Release|Any CPU
	EndGlobalSection
	GlobalSection(SolutionProperties) = preSolution
		HideSolutionNode = FALSE
	EndGlobalSection
	GlobalSection(ExtensibilityGlobals) = postSolution
		SolutionGuid = {23A7EDB0-911D-457B-8BDB-D4B51E9E91CE}
	EndGlobalSection
EndGlobal
